
Microsoft Visual Studio Solution File, Format Version 12.00
# Visual Studio Version 17
VisualStudioVersion = 17.2.32602.215
MinimumVisualStudioVersion = 10.0.40219.1
Project("{888888A0-9F3D-457C-B088-3A5042F75D52}") = "Hello World", "Hello World\Hello World.pyproj", "{442BB45B-79B1-435E-940E-0281CD341388}"
EndProject
Global
	GlobalSection(SolutionConfigurationPlatforms) = preSolution
		Debug|Any CPU = Debug|Any CPU
		Release|Any CPU = Release|Any CPU
	EndGlobalSection
	GlobalSection(ProjectConfigurationPlatforms) = postSolution
		{442BB45B-79B1-435E-940E-0281CD341388}.Debug|Any CPU.ActiveCfg = Debug|Any CPU
		{442BB45B-79B1-435E-940E-0281CD341388}.Release|Any CPU.ActiveCfg = Release|Any CPU
	EndGlobalSection
	GlobalSection(SolutionProperties) = preSolution
		HideSolutionNode = FALSE
	EndGlobalSection
	GlobalSection(ExtensibilityGlobals) = postSolution
		SolutionGuid = {2087746D-C08C-43E0-B2AE-B88FF077CAB0}
	EndGlobalSection
EndGlobal
